
Microsoft Visual Studio Solution File, Format Version 12.00
# Visual Studio 15
VisualStudioVersion = 15.0.34112.143
MinimumVisualStudioVersion = 10.0.40219.1
Project("{FAE04EC0-301F-11D3-BF4B-00C04F79EFBC}") = "StronglyTypedPartialView", "StronglyTypedPartialView\StronglyTypedPartialView.csproj", "{CFD58CE6-8CD7-40F9-87CD-81E930530AD9}"
EndProject
Global
	GlobalSection(SolutionConfigurationPlatforms) = preSolution
		Debug|Any CPU = Debug|Any CPU
		Release|Any CPU = Release|Any CPU
	EndGlobalSection
	GlobalSection(ProjectConfigurationPlatforms) = postSolution
		{CFD58CE6-8CD7-40F9-87CD-81E930530AD9}.Debug|Any CPU.ActiveCfg = Debug|Any CPU
		{CFD58CE6-8CD7-40F9-87CD-81E930530AD9}.Debug|Any CPU.Build.0 = Debug|Any CPU
		{CFD58CE6-8CD7-40F9-87CD-81E930530AD9}.Release|Any CPU.ActiveCfg = Release|Any CPU
		{CFD58CE6-8CD7-40F9-87CD-81E930530AD9}.Release|Any CPU.Build.0 = Release|Any CPU
	EndGlobalSection
	GlobalSection(SolutionProperties) = preSolution
		HideSolutionNode = FALSE
	EndGlobalSection
	GlobalSection(ExtensibilityGlobals) = postSolution
		SolutionGuid = {705CCD4D-3907-445B-A543-B69A139BD8B4}
	EndGlobalSection
EndGlobal
